// !$*UTF8*$!
{
	archiveVersion = 1;
	classes = {
	};
	objectVersion = 77;
	objects = {

/* Begin PBXBuildFile section */
		C1PKGBLD0000000000000001 /* MarkdownUI in Frameworks */ = {isa = PBXBuildFile; productRef = C1PKGPRD0000000000000001 /* MarkdownUI */; };
/* End PBXBuildFile section */

/* Begin PBXContainerItemProxy section */
		C1TSTPRX0000000000000001 /* PBXContainerItemProxy */ = {
			isa = PBXContainerItemProxy;
			containerPortal = B1D768782F3B65780003CD6D /* Project object */;
			proxyType = 1;
			remoteGlobalIDString = B1D7687F2F3B65780003CD6D;
			remoteInfo = "The-Infinite-Terrarium";
		};
		C1TSTPRX0000000000000002 /* PBXContainerItemProxy */ = {
			isa = PBXContainerItemProxy;
			containerPortal = B1D768782F3B65780003CD6D /* Project object */;
			proxyType = 1;
			remoteGlobalIDString = B1D7687F2F3B65780003CD6D;
			remoteInfo = "The-Infinite-Terrarium";
		};
/* End PBXContainerItemProxy section */

/* Begin PBXFileReference section */
		B1D768802F3B65780003CD6D /* The-Infinite-Terrarium.app */ = {isa = PBXFileReference; explicitFileType = wrapper.application; includeInIndex = 0; path = "The-Infinite-Terrarium.app"; sourceTree = BUILT_PRODUCTS_DIR; };
		C1TSTAPP0000000000000001 /* The-Infinite-TerrariumTests.xctest */ = {isa = PBXFileReference; explicitFileType = wrapper.cfbundle; includeInIndex = 0; path = "The-Infinite-TerrariumTests.xctest"; sourceTree = BUILT_PRODUCTS_DIR; };
		C1TSTAPP0000000000000002 /* The-Infinite-TerrariumUITests.xctest */ = {isa = PBXFileReference; explicitFileType = wrapper.cfbundle; includeInIndex = 0; path = "The-Infinite-TerrariumUITests.xctest"; sourceTree = BUILT_PRODUCTS_DIR; };
/* End PBXFileReference section */

/* Begin PBXFileSystemSynchronizedRootGroup section */
		B1D768822F3B65780003CD6D /* The-Infinite-Terrarium */ = {
			isa = PBXFileSystemSynchronizedRootGroup;
			path = "The-Infinite-Terrarium";
			sourceTree = "<group>";
		};
		C1TSTGRP0000000000000001 /* The-Infinite-TerrariumTests */ = {
			isa = PBXFileSystemSynchronizedRootGroup;
			path = "The-Infinite-TerrariumTests";
			sourceTree = "<group>";
		};
		C1TSTGRP0000000000000002 /* The-Infinite-TerrariumUITests */ = {
			isa = PBXFileSystemSynchronizedRootGroup;
			path = "The-Infinite-TerrariumUITests";
			sourceTree = "<group>";
		};
/* End PBXFileSystemSynchronizedRootGroup section */

/* Begin PBXFrameworksBuildPhase section */
		B1D7687D2F3B65780003CD6D /* Frameworks */ = {
			isa = PBXFrameworksBuildPhase;
			buildActionMask = 2147483647;
			files = (
				C1PKGBLD0000000000000001 /* MarkdownUI in Frameworks */,
			);
			runOnlyForDeploymentPostprocessing = 0;
		};
		C1TSTFRM0000000000000001 /* Frameworks */ = {
			isa = PBXFrameworksBuildPhase;
			buildActionMask = 2147483647;
			files = (
			);
			runOnlyForDeploymentPostprocessing = 0;
		};
		C1TSTFRM0000000000000002 /* Frameworks */ = {
			isa = PBXFrameworksBuildPhase;
			buildActionMask = 2147483647;
			files = (
			);
			runOnlyForDeploymentPostprocessing = 0;
		};
/* End PBXFrameworksBuildPhase section */

/* Begin PBXGroup section */
		B1D768772F3B65780003CD6D = {
			isa = PBXGroup;
			children = (
				B1D768822F3B65780003CD6D /* The-Infinite-Terrarium */,
				C1TSTGRP0000000000000001 /* The-Infinite-TerrariumTests */,
				C1TSTGRP0000000000000002 /* The-Infinite-TerrariumUITests */,
				B1D768812F3B65780003CD6D /* Products */,
			);
			sourceTree = "<group>";
		};
		B1D768812F3B65780003CD6D /* Products */ = {
			isa = PBXGroup;
			children = (
				B1D768802F3B65780003CD6D /* The-Infinite-Terrarium.app */,
				C1TSTAPP0000000000000001 /* The-Infinite-TerrariumTests.xctest */,
				C1TSTAPP0000000000000002 /* The-Infinite-TerrariumUITests.xctest */,
			);
			name = Products;
			sourceTree = "<group>";
		};
/* End PBXGroup section */

/* Begin PBXNativeTarget section */
		B1D7687F2F3B65780003CD6D /* The-Infinite-Terrarium */ = {
			isa = PBXNativeTarget;
			buildConfigurationList = B1D7688B2F3B65790003CD6D /* Build configuration list for PBXNativeTarget "The-Infinite-Terrarium" */;
			buildPhases = (
				B1D7687C2F3B65780003CD6D /* Sources */,
				B1D7687D2F3B65780003CD6D /* Frameworks */,
				B1D7687E2F3B65780003CD6D /* Resources */,
				C1SCRPHS0000000000000001 /* Check Bundle Size */,
				C1SCRPHS0000000000000002 /* Check Offline Symbols */,
				C1SCRPHS0000000000000003 /* Export Performance Log */,
			);
			buildRules = (
			);
			dependencies = (
			);
			fileSystemSynchronizedGroups = (
				B1D768822F3B65780003CD6D /* The-Infinite-Terrarium */,
			);
			name = "The-Infinite-Terrarium";
			packageProductDependencies = (
				C1PKGPRD0000000000000001 /* MarkdownUI */,
			);
			productName = "The-Infinite-Terrarium";
			productReference = B1D768802F3B65780003CD6D /* The-Infinite-Terrarium.app */;
			productType = "com.apple.product-type.application";
		};
		C1TSTTAR0000000000000001 /* The-Infinite-TerrariumTests */ = {
			isa = PBXNativeTarget;
			buildConfigurationList = C1TSTLST0000000000000001 /* Build configuration list for PBXNativeTarget "The-Infinite-TerrariumTests" */;
			buildPhases = (
				C1TSTSRC0000000000000001 /* Sources */,
				C1TSTFRM0000000000000001 /* Frameworks */,
				C1TSTRSC0000000000000001 /* Resources */,
			);
			buildRules = (
			);
			dependencies = (
				C1TSTDEP0000000000000001 /* PBXTargetDependency */,
			);
			fileSystemSynchronizedGroups = (
				C1TSTGRP0000000000000001 /* The-Infinite-TerrariumTests */,
			);
			name = "The-Infinite-TerrariumTests";
			packageProductDependencies = (
			);
			productName = "The-Infinite-TerrariumTests";
			productReference = C1TSTAPP0000000000000001 /* The-Infinite-TerrariumTests.xctest */;
			productType = "com.apple.product-type.bundle.unit-test";
		};
		C1TSTTAR0000000000000002 /* The-Infinite-TerrariumUITests */ = {
			isa = PBXNativeTarget;
			buildConfigurationList = C1TSTLST0000000000000002 /* Build configuration list for PBXNativeTarget "The-Infinite-TerrariumUITests" */;
			buildPhases = (
				C1TSTSRC0000000000000002 /* Sources */,
				C1TSTFRM0000000000000002 /* Frameworks */,
				C1TSTRSC0000000000000002 /* Resources */,
			);
			buildRules = (
			);
			dependencies = (
				C1TSTDEP0000000000000002 /* PBXTargetDependency */,
			);
			fileSystemSynchronizedGroups = (
				C1TSTGRP0000000000000002 /* The-Infinite-TerrariumUITests */,
			);
			name = "The-Infinite-TerrariumUITests";
			packageProductDependencies = (
			);
			productName = "The-Infinite-TerrariumUITests";
			productReference = C1TSTAPP0000000000000002 /* The-Infinite-TerrariumUITests.xctest */;
			productType = "com.apple.product-type.bundle.ui-testing";
		};
/* End PBXNativeTarget section */

/* Begin PBXProject section */
		B1D768782F3B65780003CD6D /* Project object */ = {
			isa = PBXProject;
			attributes = {
				BuildIndependentTargetsInParallel = 1;
				LastSwiftUpdateCheck = 2630;
				LastUpgradeCheck = 2630;
				TargetAttributes = {
					B1D7687F2F3B65780003CD6D = {
						CreatedOnToolsVersion = 26.3;
					};
					C1TSTTAR0000000000000001 = {
						CreatedOnToolsVersion = 26.3;
						TestTargetID = B1D7687F2F3B65780003CD6D;
					};
					C1TSTTAR0000000000000002 = {
						CreatedOnToolsVersion = 26.3;
						TestTargetID = B1D7687F2F3B65780003CD6D;
					};
				};
			};
			buildConfigurationList = B1D7687B2F3B65780003CD6D /* Build configuration list for PBXProject "The-Infinite-Terrarium" */;
			developmentRegion = en;
			hasScannedForEncodings = 0;
			knownRegions = (
				en,
				Base,
			);
			mainGroup = B1D768772F3B65780003CD6D;
			minimizedProjectReferenceProxies = 1;
			packageReferences = (
				C1PKGREF0000000000000001 /* XCLocalSwiftPackageReference "Vendor/MarkdownPackages/swift-markdown-ui" */,
			);
			preferredProjectObjectVersion = 77;
			productRefGroup = B1D768812F3B65780003CD6D /* Products */;
			projectDirPath = "";
			projectRoot = "";
			targets = (
				B1D7687F2F3B65780003CD6D /* The-Infinite-Terrarium */,
				C1TSTTAR0000000000000001 /* The-Infinite-TerrariumTests */,
				C1TSTTAR0000000000000002 /* The-Infinite-TerrariumUITests */,
			);
		};
/* End PBXProject section */

/* Begin PBXResourcesBuildPhase section */
		B1D7687E2F3B65780003CD6D /* Resources */ = {
			isa = PBXResourcesBuildPhase;
			buildActionMask = 2147483647;
			files = (
			);
			runOnlyForDeploymentPostprocessing = 0;
		};
		C1TSTRSC0000000000000001 /* Resources */ = {
			isa = PBXResourcesBuildPhase;
			buildActionMask = 2147483647;
			files = (
			);
			runOnlyForDeploymentPostprocessing = 0;
		};
		C1TSTRSC0000000000000002 /* Resources */ = {
			isa = PBXResourcesBuildPhase;
			buildActionMask = 2147483647;
			files = (
			);
			runOnlyForDeploymentPostprocessing = 0;
		};
/* End PBXResourcesBuildPhase section */

/* Begin PBXShellScriptBuildPhase section */
		C1SCRPHS0000000000000001 /* Check Bundle Size */ = {
			isa = PBXShellScriptBuildPhase;
			buildActionMask = 2147483647;
			files = (
			);
			inputFileListPaths = (
			);
			inputPaths = (
			);
			name = "Check Bundle Size";
			outputFileListPaths = (
			);
			outputPaths = (
				"$(DERIVED_FILE_DIR)/bundle-size-check.stamp",
			);
			runOnlyForDeploymentPostprocessing = 0;
			shellPath = /bin/zsh;
			shellScript = "\"${PROJECT_DIR}/The-Infinite-Terrarium/Scripts/check_bundle_size.sh\"\n";
		};
		C1SCRPHS0000000000000002 /* Check Offline Symbols */ = {
			isa = PBXShellScriptBuildPhase;
			buildActionMask = 2147483647;
			files = (
			);
			inputFileListPaths = (
			);
			inputPaths = (
			);
			name = "Check Offline Symbols";
			outputFileListPaths = (
			);
			outputPaths = (
				"$(DERIVED_FILE_DIR)/offline-symbol-check.stamp",
			);
			runOnlyForDeploymentPostprocessing = 0;
			shellPath = /bin/zsh;
			shellScript = "\"${PROJECT_DIR}/The-Infinite-Terrarium/Scripts/check_no_network_symbols.sh\"\n";
		};
		C1SCRPHS0000000000000003 /* Export Performance Log */ = {
			isa = PBXShellScriptBuildPhase;
			buildActionMask = 2147483647;
			files = (
			);
			inputFileListPaths = (
			);
			inputPaths = (
			);
			name = "Export Performance Log";
			outputFileListPaths = (
			);
			outputPaths = (
				"$(DERIVED_FILE_DIR)/performance-export.stamp",
			);
			runOnlyForDeploymentPostprocessing = 0;
			shellPath = /bin/zsh;
			shellScript = "\"${PROJECT_DIR}/The-Infinite-Terrarium/Scripts/export_performance_log.sh\"\n";
		};
/* End PBXShellScriptBuildPhase section */

/* Begin PBXSourcesBuildPhase section */
		B1D7687C2F3B65780003CD6D /* Sources */ = {
			isa = PBXSourcesBuildPhase;
			buildActionMask = 2147483647;
			files = (
			);
			runOnlyForDeploymentPostprocessing = 0;
		};
		C1TSTSRC0000000000000001 /* Sources */ = {
			isa = PBXSourcesBuildPhase;
			buildActionMask = 2147483647;
			files = (
			);
			runOnlyForDeploymentPostprocessing = 0;
		};
		C1TSTSRC0000000000000002 /* Sources */ = {
			isa = PBXSourcesBuildPhase;
			buildActionMask = 2147483647;
			files = (
			);
			runOnlyForDeploymentPostprocessing = 0;
		};
/* End PBXSourcesBuildPhase section */

/* Begin PBXTargetDependency section */
		C1TSTDEP0000000000000001 /* PBXTargetDependency */ = {
			isa = PBXTargetDependency;
			target = B1D7687F2F3B65780003CD6D /* The-Infinite-Terrarium */;
			targetProxy = C1TSTPRX0000000000000001 /* PBXContainerItemProxy */;
		};
		C1TSTDEP0000000000000002 /* PBXTargetDependency */ = {
			isa = PBXTargetDependency;
			target = B1D7687F2F3B65780003CD6D /* The-Infinite-Terrarium */;
			targetProxy = C1TSTPRX0000000000000002 /* PBXContainerItemProxy */;
		};
/* End PBXTargetDependency section */

/* Begin XCBuildConfiguration section */
		B1D768892F3B65790003CD6D /* Debug */ = {
			isa = XCBuildConfiguration;
			buildSettings = {
				ALWAYS_SEARCH_USER_PATHS = NO;
				ASSETCATALOG_COMPILER_GENERATE_SWIFT_ASSET_SYMBOL_EXTENSIONS = YES;
				CLANG_ANALYZER_NONNULL = YES;
				CLANG_ANALYZER_NUMBER_OBJECT_CONVERSION = YES_AGGRESSIVE;
				CLANG_CXX_LANGUAGE_STANDARD = "gnu++20";
				CLANG_ENABLE_MODULES = YES;
				CLANG_ENABLE_OBJC_ARC = YES;
				CLANG_ENABLE_OBJC_WEAK = YES;
				CLANG_WARN_BLOCK_CAPTURE_AUTORELEASING = YES;
				CLANG_WARN_BOOL_CONVERSION = YES;
				CLANG_WARN_COMMA = YES;
				CLANG_WARN_CONSTANT_CONVERSION = YES;
				CLANG_WARN_DEPRECATED_OBJC_IMPLEMENTATIONS = YES;
				CLANG_WARN_DIRECT_OBJC_ISA_USAGE = YES_ERROR;
				CLANG_WARN_DOCUMENTATION_COMMENTS = YES;
				CLANG_WARN_EMPTY_BODY = YES;
				CLANG_WARN_ENUM_CONVERSION = YES;
				CLANG_WARN_INFINITE_RECURSION = YES;
				CLANG_WARN_INT_CONVERSION = YES;
				CLANG_WARN_NON_LITERAL_NULL_CONVERSION = YES;
				CLANG_WARN_OBJC_IMPLICIT_RETAIN_SELF = YES;
				CLANG_WARN_OBJC_LITERAL_CONVERSION = YES;
				CLANG_WARN_OBJC_ROOT_CLASS = YES_ERROR;
				CLANG_WARN_QUOTED_INCLUDE_IN_FRAMEWORK_HEADER = YES;
				CLANG_WARN_RANGE_LOOP_ANALYSIS = YES;
				CLANG_WARN_STRICT_PROTOTYPES = YES;
				CLANG_WARN_SUSPICIOUS_MOVE = YES;
				CLANG_WARN_UNGUARDED_AVAILABILITY = YES_AGGRESSIVE;
				CLANG_WARN_UNREACHABLE_CODE = YES;
				CLANG_WARN__DUPLICATE_METHOD_MATCH = YES;
				COPY_PHASE_STRIP = NO;
				DEBUG_INFORMATION_FORMAT = dwarf;
				DEVELOPMENT_TEAM = RD6P9386KT;
				ENABLE_STRICT_OBJC_MSGSEND = YES;
				ENABLE_TESTABILITY = YES;
				ENABLE_USER_SCRIPT_SANDBOXING = YES;
				GCC_C_LANGUAGE_STANDARD = gnu17;
				GCC_DYNAMIC_NO_PIC = NO;
				GCC_NO_COMMON_BLOCKS = YES;
				GCC_OPTIMIZATION_LEVEL = 0;
				GCC_PREPROCESSOR_DEFINITIONS = (
					"DEBUG=1",
					"$(inherited)",
				);
				GCC_WARN_64_TO_32_BIT_CONVERSION = YES;
				GCC_WARN_ABOUT_RETURN_TYPE = YES_ERROR;
				GCC_WARN_UNDECLARED_SELECTOR = YES;
				GCC_WARN_UNINITIALIZED_AUTOS = YES_AGGRESSIVE;
				GCC_WARN_UNUSED_FUNCTION = YES;
				GCC_WARN_UNUSED_VARIABLE = YES;
				IPHONEOS_DEPLOYMENT_TARGET = 18.0;
				LOCALIZATION_PREFERS_STRING_CATALOGS = YES;
				MACOSX_DEPLOYMENT_TARGET = 15.0;
				MTL_ENABLE_DEBUG_INFO = INCLUDE_SOURCE;
				MTL_FAST_MATH = YES;
				ONLY_ACTIVE_ARCH = YES;
				SDKROOT = auto;
				SWIFT_ACTIVE_COMPILATION_CONDITIONS = "DEBUG $(inherited)";
				SWIFT_OPTIMIZATION_LEVEL = "-Onone";
			};
			name = Debug;
		};
		B1D7688A2F3B65790003CD6D /* Release */ = {
			isa = XCBuildConfiguration;
			buildSettings = {
				ALWAYS_SEARCH_USER_PATHS = NO;
				ASSETCATALOG_COMPILER_GENERATE_SWIFT_ASSET_SYMBOL_EXTENSIONS = YES;
				CLANG_ANALYZER_NONNULL = YES;
				CLANG_ANALYZER_NUMBER_OBJECT_CONVERSION = YES_AGGRESSIVE;
				CLANG_CXX_LANGUAGE_STANDARD = "gnu++20";
				CLANG_ENABLE_MODULES = YES;
				CLANG_ENABLE_OBJC_ARC = YES;
				CLANG_ENABLE_OBJC_WEAK = YES;
				CLANG_WARN_BLOCK_CAPTURE_AUTORELEASING = YES;
				CLANG_WARN_BOOL_CONVERSION = YES;
				CLANG_WARN_COMMA = YES;
				CLANG_WARN_CONSTANT_CONVERSION = YES;
				CLANG_WARN_DEPRECATED_OBJC_IMPLEMENTATIONS = YES;
				CLANG_WARN_DIRECT_OBJC_ISA_USAGE = YES_ERROR;
				CLANG_WARN_DOCUMENTATION_COMMENTS = YES;
				CLANG_WARN_EMPTY_BODY = YES;
				CLANG_WARN_ENUM_CONVERSION = YES;
				CLANG_WARN_INFINITE_RECURSION = YES;
				CLANG_WARN_INT_CONVERSION = YES;
				CLANG_WARN_NON_LITERAL_NULL_CONVERSION = YES;
				CLANG_WARN_OBJC_IMPLICIT_RETAIN_SELF = YES;
				CLANG_WARN_OBJC_LITERAL_CONVERSION = YES;
				CLANG_WARN_OBJC_ROOT_CLASS = YES_ERROR;
				CLANG_WARN_QUOTED_INCLUDE_IN_FRAMEWORK_HEADER = YES;
				CLANG_WARN_RANGE_LOOP_ANALYSIS = YES;
				CLANG_WARN_STRICT_PROTOTYPES = YES;
				CLANG_WARN_SUSPICIOUS_MOVE = YES;
				CLANG_WARN_UNGUARDED_AVAILABILITY = YES_AGGRESSIVE;
				CLANG_WARN_UNREACHABLE_CODE = YES;
				CLANG_WARN__DUPLICATE_METHOD_MATCH = YES;
				COPY_PHASE_STRIP = NO;
				DEBUG_INFORMATION_FORMAT = "dwarf-with-dsym";
				DEVELOPMENT_TEAM = RD6P9386KT;
				ENABLE_NS_ASSERTIONS = NO;
				ENABLE_STRICT_OBJC_MSGSEND = YES;
				ENABLE_USER_SCRIPT_SANDBOXING = YES;
				GCC_C_LANGUAGE_STANDARD = gnu17;
				GCC_NO_COMMON_BLOCKS = YES;
				GCC_WARN_64_TO_32_BIT_CONVERSION = YES;
				GCC_WARN_ABOUT_RETURN_TYPE = YES_ERROR;
				GCC_WARN_UNDECLARED_SELECTOR = YES;
				GCC_WARN_UNINITIALIZED_AUTOS = YES_AGGRESSIVE;
				GCC_WARN_UNUSED_FUNCTION = YES;
				GCC_WARN_UNUSED_VARIABLE = YES;
				IPHONEOS_DEPLOYMENT_TARGET = 18.0;
				LOCALIZATION_PREFERS_STRING_CATALOGS = YES;
				MACOSX_DEPLOYMENT_TARGET = 15.0;
				MTL_ENABLE_DEBUG_INFO = NO;
				MTL_FAST_MATH = YES;
				SDKROOT = auto;
				SWIFT_COMPILATION_MODE = wholemodule;
				VALIDATE_PRODUCT = YES;
			};
			name = Release;
		};
		B1D7688C2F3B65790003CD6D /* Debug */ = {
			isa = XCBuildConfiguration;
			buildSettings = {
				ASSETCATALOG_COMPILER_APPICON_NAME = AppIcon;
				ASSETCATALOG_COMPILER_GLOBAL_ACCENT_COLOR_NAME = AccentColor;
				CODE_SIGN_STYLE = Automatic;
				CURRENT_PROJECT_VERSION = 1;
				DERIVE_MACCATALYST_PRODUCT_BUNDLE_IDENTIFIER = YES;
				DEVELOPMENT_TEAM = RD6P9386KT;
				ENABLE_PREVIEWS = YES;
				ENABLE_USER_SCRIPT_SANDBOXING = NO;
				EXCLUDED_SOURCE_FILE_NAMES = "Scripts/*";
				GENERATE_INFOPLIST_FILE = YES;
				INFOPLIST_KEY_UIApplicationSceneManifest_Generation = YES;
				INFOPLIST_KEY_UIApplicationSupportsIndirectInputEvents = YES;
				INFOPLIST_KEY_UILaunchScreen_Generation = YES;
				INFOPLIST_KEY_UISupportedInterfaceOrientations_iPad = "UIInterfaceOrientationLandscapeLeft UIInterfaceOrientationLandscapeRight";
				INFOPLIST_KEY_UISupportedInterfaceOrientations_iPhone = "UIInterfaceOrientationLandscapeLeft UIInterfaceOrientationLandscapeRight";
				IPHONEOS_DEPLOYMENT_TARGET = 18.0;
				LD_RUNPATH_SEARCH_PATHS = (
					"$(inherited)",
					"@executable_path/Frameworks",
				);
				MACOSX_DEPLOYMENT_TARGET = 15.0;
				MARKETING_VERSION = 26.0;
				PRODUCT_BUNDLE_IDENTIFIER = "TIT.The-Infinite-Terrarium";
				PRODUCT_NAME = "$(TARGET_NAME)";
				STRING_CATALOG_GENERATE_SYMBOLS = YES;
				SUPPORTED_PLATFORMS = "iphoneos iphonesimulator maccatalyst";
				SUPPORTS_MACCATALYST = YES;
				SWIFT_APPROACHABLE_CONCURRENCY = NO;
				SWIFT_DEFAULT_ACTOR_ISOLATION = nonisolated;
				SWIFT_EMIT_LOC_STRINGS = YES;
				SWIFT_STRICT_CONCURRENCY = complete;
				SWIFT_UPCOMING_FEATURE_MEMBER_IMPORT_VISIBILITY = YES;
				SWIFT_VERSION = 6.0;
				TARGETED_DEVICE_FAMILY = "1,2";
			};
			name = Debug;
		};
		B1D7688D2F3B65790003CD6D /* Release */ = {
			isa = XCBuildConfiguration;
			buildSettings = {
				ASSETCATALOG_COMPILER_APPICON_NAME = AppIcon;
				ASSETCATALOG_COMPILER_GLOBAL_ACCENT_COLOR_NAME = AccentColor;
				CODE_SIGN_STYLE = Automatic;
				CURRENT_PROJECT_VERSION = 1;
				DERIVE_MACCATALYST_PRODUCT_BUNDLE_IDENTIFIER = YES;
				DEVELOPMENT_TEAM = RD6P9386KT;
				ENABLE_PREVIEWS = YES;
				ENABLE_USER_SCRIPT_SANDBOXING = NO;
				EXCLUDED_SOURCE_FILE_NAMES = "Scripts/*";
				GENERATE_INFOPLIST_FILE = YES;
				INFOPLIST_KEY_UIApplicationSceneManifest_Generation = YES;
				INFOPLIST_KEY_UIApplicationSupportsIndirectInputEvents = YES;
				INFOPLIST_KEY_UILaunchScreen_Generation = YES;
				INFOPLIST_KEY_UISupportedInterfaceOrientations_iPad = "UIInterfaceOrientationLandscapeLeft UIInterfaceOrientationLandscapeRight";
				INFOPLIST_KEY_UISupportedInterfaceOrientations_iPhone = "UIInterfaceOrientationLandscapeLeft UIInterfaceOrientationLandscapeRight";
				IPHONEOS_DEPLOYMENT_TARGET = 18.0;
				LD_RUNPATH_SEARCH_PATHS = (
					"$(inherited)",
					"@executable_path/Frameworks",
				);
				MACOSX_DEPLOYMENT_TARGET = 15.0;
				MARKETING_VERSION = 26.0;
				PRODUCT_BUNDLE_IDENTIFIER = "TIT.The-Infinite-Terrarium";
				PRODUCT_NAME = "$(TARGET_NAME)";
				STRING_CATALOG_GENERATE_SYMBOLS = YES;
				SUPPORTED_PLATFORMS = "iphoneos iphonesimulator maccatalyst";
				SUPPORTS_MACCATALYST = YES;
				SWIFT_APPROACHABLE_CONCURRENCY = NO;
				SWIFT_DEFAULT_ACTOR_ISOLATION = nonisolated;
				SWIFT_EMIT_LOC_STRINGS = YES;
				SWIFT_STRICT_CONCURRENCY = complete;
				SWIFT_UPCOMING_FEATURE_MEMBER_IMPORT_VISIBILITY = YES;
				SWIFT_VERSION = 6.0;
				TARGETED_DEVICE_FAMILY = "1,2";
			};
			name = Release;
		};
		C1TSTCFG0000000000000001 /* Debug */ = {
			isa = XCBuildConfiguration;
			buildSettings = {
				BUNDLE_LOADER = "$(TEST_HOST)";
				CODE_SIGN_STYLE = Automatic;
				CURRENT_PROJECT_VERSION = 1;
				DEVELOPMENT_TEAM = RD6P9386KT;
				GENERATE_INFOPLIST_FILE = YES;
				IPHONEOS_DEPLOYMENT_TARGET = 18.0;
				LD_RUNPATH_SEARCH_PATHS = (
					"$(inherited)",
					"@executable_path/Frameworks",
					"@loader_path/Frameworks",
				);
				MACOSX_DEPLOYMENT_TARGET = 15.0;
				MARKETING_VERSION = 26.0;
				PRODUCT_BUNDLE_IDENTIFIER = "TIT.The-Infinite-TerrariumTests";
				PRODUCT_NAME = "$(TARGET_NAME)";
				STRING_CATALOG_GENERATE_SYMBOLS = YES;
				SWIFT_DEFAULT_ACTOR_ISOLATION = nonisolated;
				SWIFT_EMIT_LOC_STRINGS = YES;
				SWIFT_STRICT_CONCURRENCY = complete;
				SWIFT_UPCOMING_FEATURE_MEMBER_IMPORT_VISIBILITY = YES;
				SWIFT_VERSION = 6.0;
				TARGETED_DEVICE_FAMILY = "1,2";
				TEST_HOST = "$(BUILT_PRODUCTS_DIR)/The-Infinite-Terrarium.app/The-Infinite-Terrarium";
				TEST_TARGET_NAME = "The-Infinite-Terrarium";
			};
			name = Debug;
		};
		C1TSTCFG0000000000000002 /* Release */ = {
			isa = XCBuildConfiguration;
			buildSettings = {
				BUNDLE_LOADER = "$(TEST_HOST)";
				CODE_SIGN_STYLE = Automatic;
				CURRENT_PROJECT_VERSION = 1;
				DEVELOPMENT_TEAM = RD6P9386KT;
				GENERATE_INFOPLIST_FILE = YES;
				IPHONEOS_DEPLOYMENT_TARGET = 18.0;
				LD_RUNPATH_SEARCH_PATHS = (
					"$(inherited)",
					"@executable_path/Frameworks",
					"@loader_path/Frameworks",
				);
				MACOSX_DEPLOYMENT_TARGET = 15.0;
				MARKETING_VERSION = 26.0;
				PRODUCT_BUNDLE_IDENTIFIER = "TIT.The-Infinite-TerrariumTests";
				PRODUCT_NAME = "$(TARGET_NAME)";
				STRING_CATALOG_GENERATE_SYMBOLS = YES;
				SWIFT_DEFAULT_ACTOR_ISOLATION = nonisolated;
				SWIFT_EMIT_LOC_STRINGS = YES;
				SWIFT_STRICT_CONCURRENCY = complete;
				SWIFT_UPCOMING_FEATURE_MEMBER_IMPORT_VISIBILITY = YES;
				SWIFT_VERSION = 6.0;
				TARGETED_DEVICE_FAMILY = "1,2";
				TEST_HOST = "$(BUILT_PRODUCTS_DIR)/The-Infinite-Terrarium.app/The-Infinite-Terrarium";
				TEST_TARGET_NAME = "The-Infinite-Terrarium";
			};
			name = Release;
		};
		C1TSTCFG0000000000000003 /* Debug */ = {
			isa = XCBuildConfiguration;
			buildSettings = {
				CODE_SIGN_STYLE = Automatic;
				CURRENT_PROJECT_VERSION = 1;
				DEVELOPMENT_TEAM = RD6P9386KT;
				GENERATE_INFOPLIST_FILE = YES;
				IPHONEOS_DEPLOYMENT_TARGET = 18.0;
				LD_RUNPATH_SEARCH_PATHS = (
					"$(inherited)",
					"@executable_path/Frameworks",
					"@loader_path/Frameworks",
				);
				MACOSX_DEPLOYMENT_TARGET = 15.0;
				MARKETING_VERSION = 26.0;
				PRODUCT_BUNDLE_IDENTIFIER = "TIT.The-Infinite-TerrariumUITests";
				PRODUCT_NAME = "$(TARGET_NAME)";
				STRING_CATALOG_GENERATE_SYMBOLS = YES;
				SWIFT_DEFAULT_ACTOR_ISOLATION = nonisolated;
				SWIFT_EMIT_LOC_STRINGS = YES;
				SWIFT_STRICT_CONCURRENCY = complete;
				SWIFT_UPCOMING_FEATURE_MEMBER_IMPORT_VISIBILITY = YES;
				SWIFT_VERSION = 6.0;
				TARGETED_DEVICE_FAMILY = "1,2";
				TEST_TARGET_NAME = "The-Infinite-Terrarium";
			};
			name = Debug;
		};
		C1TSTCFG0000000000000004 /* Release */ = {
			isa = XCBuildConfiguration;
			buildSettings = {
				CODE_SIGN_STYLE = Automatic;
				CURRENT_PROJECT_VERSION = 1;
				DEVELOPMENT_TEAM = RD6P9386KT;
				GENERATE_INFOPLIST_FILE = YES;
				IPHONEOS_DEPLOYMENT_TARGET = 18.0;
				LD_RUNPATH_SEARCH_PATHS = (
					"$(inherited)",
					"@executable_path/Frameworks",
					"@loader_path/Frameworks",
				);
				MACOSX_DEPLOYMENT_TARGET = 15.0;
				MARKETING_VERSION = 26.0;
				PRODUCT_BUNDLE_IDENTIFIER = "TIT.The-Infinite-TerrariumUITests";
				PRODUCT_NAME = "$(TARGET_NAME)";
				STRING_CATALOG_GENERATE_SYMBOLS = YES;
				SWIFT_DEFAULT_ACTOR_ISOLATION = nonisolated;
				SWIFT_EMIT_LOC_STRINGS = YES;
				SWIFT_STRICT_CONCURRENCY = complete;
				SWIFT_UPCOMING_FEATURE_MEMBER_IMPORT_VISIBILITY = YES;
				SWIFT_VERSION = 6.0;
				TARGETED_DEVICE_FAMILY = "1,2";
				TEST_TARGET_NAME = "The-Infinite-Terrarium";
			};
			name = Release;
		};
/* End XCBuildConfiguration section */

/* Begin XCConfigurationList section */
		B1D7687B2F3B65780003CD6D /* Build configuration list for PBXProject "The-Infinite-Terrarium" */ = {
			isa = XCConfigurationList;
			buildConfigurations = (
				B1D768892F3B65790003CD6D /* Debug */,
				B1D7688A2F3B65790003CD6D /* Release */,
			);
			defaultConfigurationIsVisible = 0;
			defaultConfigurationName = Release;
		};
		B1D7688B2F3B65790003CD6D /* Build configuration list for PBXNativeTarget "The-Infinite-Terrarium" */ = {
			isa = XCConfigurationList;
			buildConfigurations = (
				B1D7688C2F3B65790003CD6D /* Debug */,
				B1D7688D2F3B65790003CD6D /* Release */,
			);
			defaultConfigurationIsVisible = 0;
			defaultConfigurationName = Release;
		};
		C1TSTLST0000000000000001 /* Build configuration list for PBXNativeTarget "The-Infinite-TerrariumTests" */ = {
			isa = XCConfigurationList;
			buildConfigurations = (
				C1TSTCFG0000000000000001 /* Debug */,
				C1TSTCFG0000000000000002 /* Release */,
			);
			defaultConfigurationIsVisible = 0;
			defaultConfigurationName = Release;
		};
		C1TSTLST0000000000000002 /* Build configuration list for PBXNativeTarget "The-Infinite-TerrariumUITests" */ = {
			isa = XCConfigurationList;
			buildConfigurations = (
				C1TSTCFG0000000000000003 /* Debug */,
				C1TSTCFG0000000000000004 /* Release */,
			);
			defaultConfigurationIsVisible = 0;
			defaultConfigurationName = Release;
		};
/* End XCConfigurationList section */

/* Begin XCLocalSwiftPackageReference section */
		C1PKGREF0000000000000001 /* XCLocalSwiftPackageReference "Vendor/MarkdownPackages/swift-markdown-ui" */ = {
			isa = XCLocalSwiftPackageReference;
			relativePath = "Vendor/MarkdownPackages/swift-markdown-ui";
		};
/* End XCLocalSwiftPackageReference section */

/* Begin XCSwiftPackageProductDependency section */
		C1PKGPRD0000000000000001 /* MarkdownUI */ = {
			isa = XCSwiftPackageProductDependency;
			package = C1PKGREF0000000000000001 /* XCLocalSwiftPackageReference "Vendor/MarkdownPackages/swift-markdown-ui" */;
			productName = MarkdownUI;
		};
/* End XCSwiftPackageProductDependency section */
	};
	rootObject = B1D768782F3B65780003CD6D /* Project object */;
}
